// !$*UTF8*$!
{
	archiveVersion = 1;
	classes = {
	};
	objectVersion = 51;
	objects = {

/* Begin PBXBuildFile section */
		7A53F3992433085B00EAF736 /* User.swift in Sources */ = {isa = PBXBuildFile; fileRef = 7A53F3982433085B00EAF736 /* User.swift */; };
		7A53F39E2433702100EAF736 /* LoginVM.swift in Sources */ = {isa = PBXBuildFile; fileRef = 7A53F39D2433702100EAF736 /* LoginVM.swift */; };
		7A53F3A12433707300EAF736 /* Beacon.swift in Sources */ = {isa = PBXBuildFile; fileRef = 7A53F3A02433707300EAF736 /* Beacon.swift */; };
		7A53F3A32433715100EAF736 /* Room.swift in Sources */ = {isa = PBXBuildFile; fileRef = 7A53F3A22433715100EAF736 /* Room.swift */; };
		7A53F3A5243372F200EAF736 /* LoadinState.swift in Sources */ = {isa = PBXBuildFile; fileRef = 7A53F3A4243372F200EAF736 /* LoadinState.swift */; };
		7A53F3A82433788B00EAF736 /* SessionManager.swift in Sources */ = {isa = PBXBuildFile; fileRef = 7A53F3A72433788B00EAF736 /* SessionManager.swift */; };
		7A53F3AA24337DF900EAF736 /* Notification.swift in Sources */ = {isa = PBXBuildFile; fileRef = 7A53F3A924337DF900EAF736 /* Notification.swift */; };
		7A53F3AD2433834400EAF736 /* ProfileVM.swift in Sources */ = {isa = PBXBuildFile; fileRef = 7A53F3AC2433834400EAF736 /* ProfileVM.swift */; };
		7A53F3B02433967300EAF736 /* HomeVM.swift in Sources */ = {isa = PBXBuildFile; fileRef = 7A53F3AF2433967300EAF736 /* HomeVM.swift */; };
		7A53F3B5243398B900EAF736 /* Student.swift in Sources */ = {isa = PBXBuildFile; fileRef = 7A53F3B22433980500EAF736 /* Student.swift */; };
		7A8F56E92430100E009F21A9 /* NotificationTVCell.swift in Sources */ = {isa = PBXBuildFile; fileRef = 7A8F56E72430100E009F21A9 /* NotificationTVCell.swift */; };
		7A8F56EA2430100E009F21A9 /* NotificationTVCell.xib in Resources */ = {isa = PBXBuildFile; fileRef = 7A8F56E82430100E009F21A9 /* NotificationTVCell.xib */; };
		7A8F56EC24307CE8009F21A9 /* Extenstions.swift in Sources */ = {isa = PBXBuildFile; fileRef = 7A8F56EB24307CE8009F21A9 /* Extenstions.swift */; };
		7A8F56EF24308439009F21A9 /* ASLabel.swift in Sources */ = {isa = PBXBuildFile; fileRef = 7A8F56EE24308439009F21A9 /* ASLabel.swift */; };
		7A8F56F1243084C8009F21A9 /* NotificationsVM.swift in Sources */ = {isa = PBXBuildFile; fileRef = 7A8F56F0243084C8009F21A9 /* NotificationsVM.swift */; };
		7A8F56F424308A6B009F21A9 /* ProfileTVC.swift in Sources */ = {isa = PBXBuildFile; fileRef = 7A8F56F324308A6B009F21A9 /* ProfileTVC.swift */; };
		7A8F56FC2430ED8A009F21A9 /* HomeVC.swift in Sources */ = {isa = PBXBuildFile; fileRef = 7A8F56FB2430ED8A009F21A9 /* HomeVC.swift */; };
		7A8F57002430EDF3009F21A9 /* Professor.storyboard in Resources */ = {isa = PBXBuildFile; fileRef = 7A8F56FF2430EDF3009F21A9 /* Professor.storyboard */; };
		7A8F57032430F1E9009F21A9 /* HomeTVCell.swift in Sources */ = {isa = PBXBuildFile; fileRef = 7A8F57012430F1E9009F21A9 /* HomeTVCell.swift */; };
		7A8F57042430F1E9009F21A9 /* HomeTVCell.xib in Resources */ = {isa = PBXBuildFile; fileRef = 7A8F57022430F1E9009F21A9 /* HomeTVCell.xib */; };
		7AED605A242F6B1900142B9A /* Colors.swift in Sources */ = {isa = PBXBuildFile; fileRef = 7AED6059242F6B1800142B9A /* Colors.swift */; };
		7AED6061242F6C4900142B9A /* NotificationsVC.swift in Sources */ = {isa = PBXBuildFile; fileRef = 7AED6060242F6C4900142B9A /* NotificationsVC.swift */; };
		7AED6064242F6C7800142B9A /* BaseVC.swift in Sources */ = {isa = PBXBuildFile; fileRef = 7AED6063242F6C7800142B9A /* BaseVC.swift */; };
		7AED606A242F741200142B9A /* Student.storyboard in Resources */ = {isa = PBXBuildFile; fileRef = 7AED6069242F741200142B9A /* Student.storyboard */; };
		7AED606E242F7A1E00142B9A /* NotificationsEmptyView.swift in Sources */ = {isa = PBXBuildFile; fileRef = 7AED606D242F7A1E00142B9A /* NotificationsEmptyView.swift */; };
		C87C354261CF4C46FAE0B645 /* Pods_iBeacon_System.framework in Frameworks */ = {isa = PBXBuildFile; fileRef = 890D0503AE72FD1F038EE4F4 /* Pods_iBeacon_System.framework */; };
		E252A07B23FD392400E331A2 /* GoogleService-Info.plist in Resources */ = {isa = PBXBuildFile; fileRef = E252A07A23FD392300E331A2 /* GoogleService-Info.plist */; };
		E252A07D23FF98D700E331A2 /* LoginVC.swift in Sources */ = {isa = PBXBuildFile; fileRef = E252A07C23FF98D700E331A2 /* LoginVC.swift */; };
		E2EA53DC23FD35F50077C5BE /* AppDelegate.swift in Sources */ = {isa = PBXBuildFile; fileRef = E2EA53DB23FD35F50077C5BE /* AppDelegate.swift */; };
		E2EA53E023FD35F50077C5BE /* ViewController.swift in Sources */ = {isa = PBXBuildFile; fileRef = E2EA53DF23FD35F50077C5BE /* ViewController.swift */; };
		E2EA53E323FD35F50077C5BE /* Auth.storyboard in Resources */ = {isa = PBXBuildFile; fileRef = E2EA53E123FD35F50077C5BE /* Auth.storyboard */; };
		E2EA53E523FD35F60077C5BE /* Assets.xcassets in Resources */ = {isa = PBXBuildFile; fileRef = E2EA53E423FD35F60077C5BE /* Assets.xcassets */; };
		E2EA53E823FD35F60077C5BE /* LaunchScreen.storyboard in Resources */ = {isa = PBXBuildFile; fileRef = E2EA53E623FD35F60077C5BE /* LaunchScreen.storyboard */; };
/* End PBXBuildFile section */

/* Begin PBXFileReference section */
		3DDA90F6E150C636DFC02ED9 /* Pods-iBeacon System.debug.xcconfig */ = {isa = PBXFileReference; includeInIndex = 1; lastKnownFileType = text.xcconfig; name = "Pods-iBeacon System.debug.xcconfig"; path = "Target Support Files/Pods-iBeacon System/Pods-iBeacon System.debug.xcconfig"; sourceTree = "<group>"; };
		7A53F3982433085B00EAF736 /* User.swift */ = {isa = PBXFileReference; lastKnownFileType = sourcecode.swift; path = User.swift; sourceTree = "<group>"; };
		7A53F39D2433702100EAF736 /* LoginVM.swift */ = {isa = PBXFileReference; lastKnownFileType = sourcecode.swift; path = LoginVM.swift; sourceTree = "<group>"; };
		7A53F3A02433707300EAF736 /* Beacon.swift */ = {isa = PBXFileReference; lastKnownFileType = sourcecode.swift; path = Beacon.swift; sourceTree = "<group>"; };
		7A53F3A22433715100EAF736 /* Room.swift */ = {isa = PBXFileReference; lastKnownFileType = sourcecode.swift; path = Room.swift; sourceTree = "<group>"; };
		7A53F3A4243372F200EAF736 /* LoadinState.swift */ = {isa = PBXFileReference; lastKnownFileType = sourcecode.swift; path = LoadinState.swift; sourceTree = "<group>"; };
		7A53F3A72433788B00EAF736 /* SessionManager.swift */ = {isa = PBXFileReference; lastKnownFileType = sourcecode.swift; path = SessionManager.swift; sourceTree = "<group>"; };
		7A53F3A924337DF900EAF736 /* Notification.swift */ = {isa = PBXFileReference; lastKnownFileType = sourcecode.swift; path = Notification.swift; sourceTree = "<group>"; };
		7A53F3AC2433834400EAF736 /* ProfileVM.swift */ = {isa = PBXFileReference; lastKnownFileType = sourcecode.swift; path = ProfileVM.swift; sourceTree = "<group>"; };
		7A53F3AF2433967300EAF736 /* HomeVM.swift */ = {isa = PBXFileReference; lastKnownFileType = sourcecode.swift; path = HomeVM.swift; sourceTree = "<group>"; };
		7A53F3B22433980500EAF736 /* Student.swift */ = {isa = PBXFileReference; lastKnownFileType = sourcecode.swift; path = Student.swift; sourceTree = "<group>"; };
		7A8F56E72430100E009F21A9 /* NotificationTVCell.swift */ = {isa = PBXFileReference; lastKnownFileType = sourcecode.swift; path = NotificationTVCell.swift; sourceTree = "<group>"; };
		7A8F56E82430100E009F21A9 /* NotificationTVCell.xib */ = {isa = PBXFileReference; lastKnownFileType = file.xib; path = NotificationTVCell.xib; sourceTree = "<group>"; };
		7A8F56EB24307CE8009F21A9 /* Extenstions.swift */ = {isa = PBXFileReference; lastKnownFileType = sourcecode.swift; path = Extenstions.swift; sourceTree = "<group>"; };
		7A8F56EE24308439009F21A9 /* ASLabel.swift */ = {isa = PBXFileReference; lastKnownFileType = sourcecode.swift; path = ASLabel.swift; sourceTree = "<group>"; };
		7A8F56F0243084C8009F21A9 /* NotificationsVM.swift */ = {isa = PBXFileReference; lastKnownFileType = sourcecode.swift; path = NotificationsVM.swift; sourceTree = "<group>"; };
		7A8F56F324308A6B009F21A9 /* ProfileTVC.swift */ = {isa = PBXFileReference; lastKnownFileType = sourcecode.swift; path = ProfileTVC.swift; sourceTree = "<group>"; };
		7A8F56FB2430ED8A009F21A9 /* HomeVC.swift */ = {isa = PBXFileReference; lastKnownFileType = sourcecode.swift; path = HomeVC.swift; sourceTree = "<group>"; };
		7A8F56FF2430EDF3009F21A9 /* Professor.storyboard */ = {isa = PBXFileReference; lastKnownFileType = file.storyboard; path = Professor.storyboard; sourceTree = "<group>"; };
		7A8F57012430F1E9009F21A9 /* HomeTVCell.swift */ = {isa = PBXFileReference; lastKnownFileType = sourcecode.swift; path = HomeTVCell.swift; sourceTree = "<group>"; };
		7A8F57022430F1E9009F21A9 /* HomeTVCell.xib */ = {isa = PBXFileReference; lastKnownFileType = file.xib; path = HomeTVCell.xib; sourceTree = "<group>"; };
		7AED6059242F6B1800142B9A /* Colors.swift */ = {isa = PBXFileReference; lastKnownFileType = sourcecode.swift; path = Colors.swift; sourceTree = "<group>"; };
		7AED6060242F6C4900142B9A /* NotificationsVC.swift */ = {isa = PBXFileReference; lastKnownFileType = sourcecode.swift; path = NotificationsVC.swift; sourceTree = "<group>"; };
		7AED6063242F6C7800142B9A /* BaseVC.swift */ = {isa = PBXFileReference; lastKnownFileType = sourcecode.swift; path = BaseVC.swift; sourceTree = "<group>"; };
		7AED6069242F741200142B9A /* Student.storyboard */ = {isa = PBXFileReference; lastKnownFileType = file.storyboard; path = Student.storyboard; sourceTree = "<group>"; };
		7AED606D242F7A1E00142B9A /* NotificationsEmptyView.swift */ = {isa = PBXFileReference; lastKnownFileType = sourcecode.swift; path = NotificationsEmptyView.swift; sourceTree = "<group>"; };
		890D0503AE72FD1F038EE4F4 /* Pods_iBeacon_System.framework */ = {isa = PBXFileReference; explicitFileType = wrapper.framework; includeInIndex = 0; path = Pods_iBeacon_System.framework; sourceTree = BUILT_PRODUCTS_DIR; };
		9035D0819FB947E6D56F36FA /* Pods-iBeacon System.release.xcconfig */ = {isa = PBXFileReference; includeInIndex = 1; lastKnownFileType = text.xcconfig; name = "Pods-iBeacon System.release.xcconfig"; path = "Target Support Files/Pods-iBeacon System/Pods-iBeacon System.release.xcconfig"; sourceTree = "<group>"; };
		E252A07A23FD392300E331A2 /* GoogleService-Info.plist */ = {isa = PBXFileReference; fileEncoding = 4; lastKnownFileType = text.plist.xml; path = "GoogleService-Info.plist"; sourceTree = "<group>"; };
		E252A07C23FF98D700E331A2 /* LoginVC.swift */ = {isa = PBXFileReference; lastKnownFileType = sourcecode.swift; path = LoginVC.swift; sourceTree = "<group>"; };
		E2EA53D823FD35F50077C5BE /* iBeacon System.app */ = {isa = PBXFileReference; explicitFileType = wrapper.application; includeInIndex = 0; path = "iBeacon System.app"; sourceTree = BUILT_PRODUCTS_DIR; };
		E2EA53DB23FD35F50077C5BE /* AppDelegate.swift */ = {isa = PBXFileReference; lastKnownFileType = sourcecode.swift; path = AppDelegate.swift; sourceTree = "<group>"; };
		E2EA53DF23FD35F50077C5BE /* ViewController.swift */ = {isa = PBXFileReference; lastKnownFileType = sourcecode.swift; path = ViewController.swift; sourceTree = "<group>"; };
		E2EA53E223FD35F50077C5BE /* Base */ = {isa = PBXFileReference; lastKnownFileType = file.storyboard; name = Base; path = Base.lproj/Auth.storyboard; sourceTree = "<group>"; };
		E2EA53E423FD35F60077C5BE /* Assets.xcassets */ = {isa = PBXFileReference; lastKnownFileType = folder.assetcatalog; path = Assets.xcassets; sourceTree = "<group>"; };
		E2EA53E723FD35F60077C5BE /* Base */ = {isa = PBXFileReference; lastKnownFileType = file.storyboard; name = Base; path = Base.lproj/LaunchScreen.storyboard; sourceTree = "<group>"; };
		E2EA53E923FD35F60077C5BE /* Info.plist */ = {isa = PBXFileReference; lastKnownFileType = text.plist.xml; path = Info.plist; sourceTree = "<group>"; };
/* End PBXFileReference section */

/* Begin PBXFrameworksBuildPhase section */
		E2EA53D523FD35F50077C5BE /* Frameworks */ = {
			isa = PBXFrameworksBuildPhase;
			buildActionMask = 2147483647;
			files = (
				C87C354261CF4C46FAE0B645 /* Pods_iBeacon_System.framework in Frameworks */,
			);
			runOnlyForDeploymentPostprocessing = 0;
		};
/* End PBXFrameworksBuildPhase section */

/* Begin PBXGroup section */
		5423548625E7B4EEF7906CC4 /* Frameworks */ = {
			isa = PBXGroup;
			children = (
				890D0503AE72FD1F038EE4F4 /* Pods_iBeacon_System.framework */,
			);
			name = Frameworks;
			sourceTree = "<group>";
		};
		7A53F3972433085100EAF736 /* Model */ = {
			isa = PBXGroup;
			children = (
				7A53F3982433085B00EAF736 /* User.swift */,
				7A53F3A02433707300EAF736 /* Beacon.swift */,
				7A53F3A22433715100EAF736 /* Room.swift */,
				7A53F3A4243372F200EAF736 /* LoadinState.swift */,
				7A53F3A924337DF900EAF736 /* Notification.swift */,
			);
			path = Model;
			sourceTree = "<group>";
		};
		7A53F39B243352EB00EAF736 /* VM */ = {
			isa = PBXGroup;
			children = (
				7A53F39D2433702100EAF736 /* LoginVM.swift */,
			);
			path = VM;
			sourceTree = "<group>";
		};
		7A53F39C243352F100EAF736 /* VC */ = {
			isa = PBXGroup;
			children = (
				E252A07C23FF98D700E331A2 /* LoginVC.swift */,
			);
			path = VC;
			sourceTree = "<group>";
		};
		7A53F3A62433787C00EAF736 /* Service */ = {
			isa = PBXGroup;
			children = (
				7A53F3A72433788B00EAF736 /* SessionManager.swift */,
			);
			path = Service;
			sourceTree = "<group>";
		};
		7A53F3AB2433833700EAF736 /* VM */ = {
			isa = PBXGroup;
			children = (
				7A53F3AC2433834400EAF736 /* ProfileVM.swift */,
			);
			path = VM;
			sourceTree = "<group>";
		};
		7A53F3AE2433966700EAF736 /* VM */ = {
			isa = PBXGroup;
			children = (
				7A53F3AF2433967300EAF736 /* HomeVM.swift */,
			);
			path = VM;
			sourceTree = "<group>";
		};
		7A53F3B42433980900EAF736 /* Model */ = {
			isa = PBXGroup;
			children = (
				7A53F3B22433980500EAF736 /* Student.swift */,
			);
			path = Model;
			sourceTree = "<group>";
		};
		7A8F56ED2430841E009F21A9 /* ASKit */ = {
			isa = PBXGroup;
			children = (
				7A8F56EE24308439009F21A9 /* ASLabel.swift */,
			);
			path = ASKit;
			sourceTree = "<group>";
		};
		7A8F56F224308A4D009F21A9 /* Profile */ = {
			isa = PBXGroup;
			children = (
				7A53F3AB2433833700EAF736 /* VM */,
				7A8F56F624308A83009F21A9 /* View */,
				7A8F56F524308A7E009F21A9 /* VC */,
			);
			path = Profile;
			sourceTree = "<group>";
		};
		7A8F56F524308A7E009F21A9 /* VC */ = {
			isa = PBXGroup;
			children = (
				7A8F56F324308A6B009F21A9 /* ProfileTVC.swift */,
			);
			path = VC;
			sourceTree = "<group>";
		};
		7A8F56F624308A83009F21A9 /* View */ = {
			isa = PBXGroup;
			children = (
			);
			path = View;
			sourceTree = "<group>";
		};
		7A8F56F72430ED15009F21A9 /* Student */ = {
			isa = PBXGroup;
			children = (
				7A8F56F224308A4D009F21A9 /* Profile */,
				7AED605C242F6BF200142B9A /* Notifications */,
			);
			path = Student;
			sourceTree = "<group>";
		};
		7A8F56F82430ED41009F21A9 /* Professor */ = {
			isa = PBXGroup;
			children = (
				7A8F56F92430ED53009F21A9 /* Home */,
			);
			path = Professor;
			sourceTree = "<group>";
		};
		7A8F56F92430ED53009F21A9 /* Home */ = {
			isa = PBXGroup;
			children = (
				7A53F3B42433980900EAF736 /* Model */,
				7A53F3AE2433966700EAF736 /* VM */,
				7A8F56FD2430ED9B009F21A9 /* View */,
				7A8F56FA2430ED5D009F21A9 /* VC */,
			);
			path = Home;
			sourceTree = "<group>";
		};
		7A8F56FA2430ED5D009F21A9 /* VC */ = {
			isa = PBXGroup;
			children = (
				7A8F56FB2430ED8A009F21A9 /* HomeVC.swift */,
			);
			path = VC;
			sourceTree = "<group>";
		};
		7A8F56FD2430ED9B009F21A9 /* View */ = {
			isa = PBXGroup;
			children = (
				7A8F57012430F1E9009F21A9 /* HomeTVCell.swift */,
				7A8F57022430F1E9009F21A9 /* HomeTVCell.xib */,
			);
			path = View;
			sourceTree = "<group>";
		};
		7AED6058242F6B0200142B9A /* Utils */ = {
			isa = PBXGroup;
			children = (
				7AED6059242F6B1800142B9A /* Colors.swift */,
				7A8F56EB24307CE8009F21A9 /* Extenstions.swift */,
			);
			path = Utils;
			sourceTree = "<group>";
		};
		7AED605B242F6BDE00142B9A /* Features */ = {
			isa = PBXGroup;
			children = (
				7AED6068242F6CBC00142B9A /* Storyboards */,
				7A8F56F82430ED41009F21A9 /* Professor */,
				7A8F56F72430ED15009F21A9 /* Student */,
				7AED6062242F6C4D00142B9A /* Base */,
				E252A07E23FF98DA00E331A2 /* Auth */,
			);
			path = Features;
			sourceTree = "<group>";
		};
		7AED605C242F6BF200142B9A /* Notifications */ = {
			isa = PBXGroup;
			children = (
				7AED605F242F6C3C00142B9A /* View */,
				7AED605E242F6C3600142B9A /* VM */,
				7AED605D242F6C2F00142B9A /* VC */,
			);
			path = Notifications;
			sourceTree = "<group>";
		};
		7AED605D242F6C2F00142B9A /* VC */ = {
			isa = PBXGroup;
			children = (
				7AED6060242F6C4900142B9A /* NotificationsVC.swift */,
			);
			path = VC;
			sourceTree = "<group>";
		};
		7AED605E242F6C3600142B9A /* VM */ = {
			isa = PBXGroup;
			children = (
				7A8F56F0243084C8009F21A9 /* NotificationsVM.swift */,
			);
			path = VM;
			sourceTree = "<group>";
		};
		7AED605F242F6C3C00142B9A /* View */ = {
			isa = PBXGroup;
			children = (
				7AED606D242F7A1E00142B9A /* NotificationsEmptyView.swift */,
				7A8F56E72430100E009F21A9 /* NotificationTVCell.swift */,
				7A8F56E82430100E009F21A9 /* NotificationTVCell.xib */,
			);
			path = View;
			sourceTree = "<group>";
		};
		7AED6062242F6C4D00142B9A /* Base */ = {
			isa = PBXGroup;
			children = (
				7AED6063242F6C7800142B9A /* BaseVC.swift */,
			);
			path = Base;
			sourceTree = "<group>";
		};
		7AED6068242F6CBC00142B9A /* Storyboards */ = {
			isa = PBXGroup;
			children = (
				E2EA53E123FD35F50077C5BE /* Auth.storyboard */,
				7AED6069242F741200142B9A /* Student.storyboard */,
				7A8F56FF2430EDF3009F21A9 /* Professor.storyboard */,
			);
			path = Storyboards;
			sourceTree = "<group>";
		};
		E252A07E23FF98DA00E331A2 /* Auth */ = {
			isa = PBXGroup;
			children = (
				7A53F39C243352F100EAF736 /* VC */,
				7A53F39B243352EB00EAF736 /* VM */,
			);
			path = Auth;
			sourceTree = "<group>";
		};
		E2EA53CF23FD35F50077C5BE = {
			isa = PBXGroup;
			children = (
				E2EA53DA23FD35F50077C5BE /* iBeacon System */,
				F4D32CE31493ADD5A3B0FBBD /* Pods */,
				5423548625E7B4EEF7906CC4 /* Frameworks */,
			);
			sourceTree = "<group>";
		};
		E2EA53D923FD35F50077C5BE /* Products */ = {
			isa = PBXGroup;
			children = (
				E2EA53D823FD35F50077C5BE /* iBeacon System.app */,
			);
			name = Products;
			path = ..;
			sourceTree = "<group>";
		};
		E2EA53DA23FD35F50077C5BE /* iBeacon System */ = {
			isa = PBXGroup;
			children = (
				7A53F3A62433787C00EAF736 /* Service */,
				7A53F3972433085100EAF736 /* Model */,
				7A8F56ED2430841E009F21A9 /* ASKit */,
				7AED605B242F6BDE00142B9A /* Features */,
				7AED6058242F6B0200142B9A /* Utils */,
				E2EA53DB23FD35F50077C5BE /* AppDelegate.swift */,
				E2EA53DF23FD35F50077C5BE /* ViewController.swift */,
				E2EA53E423FD35F60077C5BE /* Assets.xcassets */,
				E2EA53E623FD35F60077C5BE /* LaunchScreen.storyboard */,
				E2EA53E923FD35F60077C5BE /* Info.plist */,
				E252A07A23FD392300E331A2 /* GoogleService-Info.plist */,
				E2EA53D923FD35F50077C5BE /* Products */,
			);
			path = "iBeacon System";
			sourceTree = "<group>";
		};
		F4D32CE31493ADD5A3B0FBBD /* Pods */ = {
			isa = PBXGroup;
			children = (
				3DDA90F6E150C636DFC02ED9 /* Pods-iBeacon System.debug.xcconfig */,
				9035D0819FB947E6D56F36FA /* Pods-iBeacon System.release.xcconfig */,
			);
			path = Pods;
			sourceTree = "<group>";
		};
/* End PBXGroup section */

/* Begin PBXNativeTarget section */
		E2EA53D723FD35F50077C5BE /* iBeacon System */ = {
			isa = PBXNativeTarget;
			buildConfigurationList = E2EA53EC23FD35F60077C5BE /* Build configuration list for PBXNativeTarget "iBeacon System" */;
			buildPhases = (
				13E5D8AD598D770463BF00FE /* [CP] Check Pods Manifest.lock */,
				E2EA53D423FD35F50077C5BE /* Sources */,
				E2EA53D523FD35F50077C5BE /* Frameworks */,
				E2EA53D623FD35F50077C5BE /* Resources */,
				BA5E0D7A11A17DC15980231D /* [CP] Embed Pods Frameworks */,
			);
			buildRules = (
			);
			dependencies = (
			);
			name = "iBeacon System";
			productName = "iBeacon System";
			productReference = E2EA53D823FD35F50077C5BE /* iBeacon System.app */;
			productType = "com.apple.product-type.application";
		};
/* End PBXNativeTarget section */

/* Begin PBXProject section */
		E2EA53D023FD35F50077C5BE /* Project object */ = {
			isa = PBXProject;
			attributes = {
				LastSwiftUpdateCheck = 1130;
				LastUpgradeCheck = 1130;
				ORGANIZATIONNAME = "Anastasiya Ussenko";
				TargetAttributes = {
					E2EA53D723FD35F50077C5BE = {
						CreatedOnToolsVersion = 11.3.1;
					};
				};
			};
			buildConfigurationList = E2EA53D323FD35F50077C5BE /* Build configuration list for PBXProject "iBeacon System" */;
			compatibilityVersion = "Xcode 9.3";
			developmentRegion = en;
			hasScannedForEncodings = 0;
			knownRegions = (
				en,
				Base,
			);
			mainGroup = E2EA53CF23FD35F50077C5BE;
			productRefGroup = E2EA53D923FD35F50077C5BE /* Products */;
			projectDirPath = "";
			projectRoot = "";
			targets = (
				E2EA53D723FD35F50077C5BE /* iBeacon System */,
			);
		};
/* End PBXProject section */

/* Begin PBXResourcesBuildPhase section */
		E2EA53D623FD35F50077C5BE /* Resources */ = {
			isa = PBXResourcesBuildPhase;
			buildActionMask = 2147483647;
			files = (
				E2EA53E823FD35F60077C5BE /* LaunchScreen.storyboard in Resources */,
				7AED606A242F741200142B9A /* Student.storyboard in Resources */,
				7A8F57042430F1E9009F21A9 /* HomeTVCell.xib in Resources */,
				7A8F56EA2430100E009F21A9 /* NotificationTVCell.xib in Resources */,
				E252A07B23FD392400E331A2 /* GoogleService-Info.plist in Resources */,
				E2EA53E523FD35F60077C5BE /* Assets.xcassets in Resources */,
				E2EA53E323FD35F50077C5BE /* Auth.storyboard in Resources */,
				7A8F57002430EDF3009F21A9 /* Professor.storyboard in Resources */,
			);
			runOnlyForDeploymentPostprocessing = 0;
		};
/* End PBXResourcesBuildPhase section */

/* Begin PBXShellScriptBuildPhase section */
		13E5D8AD598D770463BF00FE /* [CP] Check Pods Manifest.lock */ = {
			isa = PBXShellScriptBuildPhase;
			buildActionMask = 2147483647;
			files = (
			);
			inputFileListPaths = (
			);
			inputPaths = (
				"${PODS_PODFILE_DIR_PATH}/Podfile.lock",
				"${PODS_ROOT}/Manifest.lock",
			);
			name = "[CP] Check Pods Manifest.lock";
			outputFileListPaths = (
			);
			outputPaths = (
				"$(DERIVED_FILE_DIR)/Pods-iBeacon System-checkManifestLockResult.txt",
			);
			runOnlyForDeploymentPostprocessing = 0;
			shellPath = /bin/sh;
			shellScript = "diff \"${PODS_PODFILE_DIR_PATH}/Podfile.lock\" \"${PODS_ROOT}/Manifest.lock\" > /dev/null\nif [ $? != 0 ] ; then\n    # print error to STDERR\n    echo \"error: The sandbox is not in sync with the Podfile.lock. Run 'pod install' or update your CocoaPods installation.\" >&2\n    exit 1\nfi\n# This output is used by Xcode 'outputs' to avoid re-running this script phase.\necho \"SUCCESS\" > \"${SCRIPT_OUTPUT_FILE_0}\"\n";
			showEnvVarsInLog = 0;
		};
		BA5E0D7A11A17DC15980231D /* [CP] Embed Pods Frameworks */ = {
			isa = PBXShellScriptBuildPhase;
			buildActionMask = 2147483647;
			files = (
			);
			inputFileListPaths = (
				"${PODS_ROOT}/Target Support Files/Pods-iBeacon System/Pods-iBeacon System-frameworks-${CONFIGURATION}-input-files.xcfilelist",
			);
			name = "[CP] Embed Pods Frameworks";
			outputFileListPaths = (
				"${PODS_ROOT}/Target Support Files/Pods-iBeacon System/Pods-iBeacon System-frameworks-${CONFIGURATION}-output-files.xcfilelist",
			);
			runOnlyForDeploymentPostprocessing = 0;
			shellPath = /bin/sh;
			shellScript = "\"${PODS_ROOT}/Target Support Files/Pods-iBeacon System/Pods-iBeacon System-frameworks.sh\"\n";
			showEnvVarsInLog = 0;
		};
/* End PBXShellScriptBuildPhase section */

/* Begin PBXSourcesBuildPhase section */
		E2EA53D423FD35F50077C5BE /* Sources */ = {
			isa = PBXSourcesBuildPhase;
			buildActionMask = 2147483647;
			files = (
				7A8F57032430F1E9009F21A9 /* HomeTVCell.swift in Sources */,
				7A8F56F424308A6B009F21A9 /* ProfileTVC.swift in Sources */,
				E2EA53E023FD35F50077C5BE /* ViewController.swift in Sources */,
				7AED6064242F6C7800142B9A /* BaseVC.swift in Sources */,
				7A53F39E2433702100EAF736 /* LoginVM.swift in Sources */,
				7A53F3A12433707300EAF736 /* Beacon.swift in Sources */,
				7A53F3AD2433834400EAF736 /* ProfileVM.swift in Sources */,
				7A53F3B5243398B900EAF736 /* Student.swift in Sources */,
				7AED6061242F6C4900142B9A /* NotificationsVC.swift in Sources */,
				7A8F56FC2430ED8A009F21A9 /* HomeVC.swift in Sources */,
				7AED606E242F7A1E00142B9A /* NotificationsEmptyView.swift in Sources */,
				7A8F56EF24308439009F21A9 /* ASLabel.swift in Sources */,
				7A53F3992433085B00EAF736 /* User.swift in Sources */,
				7A8F56E92430100E009F21A9 /* NotificationTVCell.swift in Sources */,
				7A8F56F1243084C8009F21A9 /* NotificationsVM.swift in Sources */,
				7AED605A242F6B1900142B9A /* Colors.swift in Sources */,
				7A53F3A32433715100EAF736 /* Room.swift in Sources */,
				E2EA53DC23FD35F50077C5BE /* AppDelegate.swift in Sources */,
				7A53F3B02433967300EAF736 /* HomeVM.swift in Sources */,
				7A53F3A5243372F200EAF736 /* LoadinState.swift in Sources */,
				7A53F3AA24337DF900EAF736 /* Notification.swift in Sources */,
				7A8F56EC24307CE8009F21A9 /* Extenstions.swift in Sources */,
				7A53F3A82433788B00EAF736 /* SessionManager.swift in Sources */,
				E252A07D23FF98D700E331A2 /* LoginVC.swift in Sources */,
			);
			runOnlyForDeploymentPostprocessing = 0;
		};
/* End PBXSourcesBuildPhase section */

/* Begin PBXVariantGroup section */
		E2EA53E123FD35F50077C5BE /* Auth.storyboard */ = {
			isa = PBXVariantGroup;
			children = (
				E2EA53E223FD35F50077C5BE /* Base */,
			);
			name = Auth.storyboard;
			sourceTree = "<group>";
		};
		E2EA53E623FD35F60077C5BE /* LaunchScreen.storyboard */ = {
			isa = PBXVariantGroup;
			children = (
				E2EA53E723FD35F60077C5BE /* Base */,
			);
			name = LaunchScreen.storyboard;
			sourceTree = "<group>";
		};
/* End PBXVariantGroup section */

/* Begin XCBuildConfiguration section */
		E2EA53EA23FD35F60077C5BE /* Debug */ = {
			isa = XCBuildConfiguration;
			buildSettings = {
				ALWAYS_SEARCH_USER_PATHS = NO;
				CLANG_ANALYZER_NONNULL = YES;
				CLANG_ANALYZER_NUMBER_OBJECT_CONVERSION = YES_AGGRESSIVE;
				CLANG_CXX_LANGUAGE_STANDARD = "gnu++14";
				CLANG_CXX_LIBRARY = "libc++";
				CLANG_ENABLE_MODULES = YES;
				CLANG_ENABLE_OBJC_ARC = YES;
				CLANG_ENABLE_OBJC_WEAK = YES;
				CLANG_WARN_BLOCK_CAPTURE_AUTORELEASING = YES;
				CLANG_WARN_BOOL_CONVERSION = YES;
				CLANG_WARN_COMMA = YES;
				CLANG_WARN_CONSTANT_CONVERSION = YES;
				CLANG_WARN_DEPRECATED_OBJC_IMPLEMENTATIONS = YES;
				CLANG_WARN_DIRECT_OBJC_ISA_USAGE = YES_ERROR;
				CLANG_WARN_DOCUMENTATION_COMMENTS = YES;
				CLANG_WARN_EMPTY_BODY = YES;
				CLANG_WARN_ENUM_CONVERSION = YES;
				CLANG_WARN_INFINITE_RECURSION = YES;
				CLANG_WARN_INT_CONVERSION = YES;
				CLANG_WARN_NON_LITERAL_NULL_CONVERSION = YES;
				CLANG_WARN_OBJC_IMPLICIT_RETAIN_SELF = YES;
				CLANG_WARN_OBJC_LITERAL_CONVERSION = YES;
				CLANG_WARN_OBJC_ROOT_CLASS = YES_ERROR;
				CLANG_WARN_RANGE_LOOP_ANALYSIS = YES;
				CLANG_WARN_STRICT_PROTOTYPES = YES;
				CLANG_WARN_SUSPICIOUS_MOVE = YES;
				CLANG_WARN_UNGUARDED_AVAILABILITY = YES_AGGRESSIVE;
				CLANG_WARN_UNREACHABLE_CODE = YES;
				CLANG_WARN__DUPLICATE_METHOD_MATCH = YES;
				COPY_PHASE_STRIP = NO;
				DEBUG_INFORMATION_FORMAT = dwarf;
				ENABLE_STRICT_OBJC_MSGSEND = YES;
				ENABLE_TESTABILITY = YES;
				GCC_C_LANGUAGE_STANDARD = gnu11;
				GCC_DYNAMIC_NO_PIC = NO;
				GCC_NO_COMMON_BLOCKS = YES;
				GCC_OPTIMIZATION_LEVEL = 0;
				GCC_PREPROCESSOR_DEFINITIONS = (
					"DEBUG=1",
					"$(inherited)",
				);
				GCC_WARN_64_TO_32_BIT_CONVERSION = YES;
				GCC_WARN_ABOUT_RETURN_TYPE = YES_ERROR;
				GCC_WARN_UNDECLARED_SELECTOR = YES;
				GCC_WARN_UNINITIALIZED_AUTOS = YES_AGGRESSIVE;
				GCC_WARN_UNUSED_FUNCTION = YES;
				GCC_WARN_UNUSED_VARIABLE = YES;
				IPHONEOS_DEPLOYMENT_TARGET = 13.2;
				MTL_ENABLE_DEBUG_INFO = INCLUDE_SOURCE;
				MTL_FAST_MATH = YES;
				ONLY_ACTIVE_ARCH = YES;
				SDKROOT = iphoneos;
				SWIFT_ACTIVE_COMPILATION_CONDITIONS = DEBUG;
				SWIFT_OPTIMIZATION_LEVEL = "-Onone";
			};
			name = Debug;
		};
		E2EA53EB23FD35F60077C5BE /* Release */ = {
			isa = XCBuildConfiguration;
			buildSettings = {
				ALWAYS_SEARCH_USER_PATHS = NO;
				CLANG_ANALYZER_NONNULL = YES;
				CLANG_ANALYZER_NUMBER_OBJECT_CONVERSION = YES_AGGRESSIVE;
				CLANG_CXX_LANGUAGE_STANDARD = "gnu++14";
				CLANG_CXX_LIBRARY = "libc++";
				CLANG_ENABLE_MODULES = YES;
				CLANG_ENABLE_OBJC_ARC = YES;
				CLANG_ENABLE_OBJC_WEAK = YES;
				CLANG_WARN_BLOCK_CAPTURE_AUTORELEASING = YES;
				CLANG_WARN_BOOL_CONVERSION = YES;
				CLANG_WARN_COMMA = YES;
				CLANG_WARN_CONSTANT_CONVERSION = YES;
				CLANG_WARN_DEPRECATED_OBJC_IMPLEMENTATIONS = YES;
				CLANG_WARN_DIRECT_OBJC_ISA_USAGE = YES_ERROR;
				CLANG_WARN_DOCUMENTATION_COMMENTS = YES;
				CLANG_WARN_EMPTY_BODY = YES;
				CLANG_WARN_ENUM_CONVERSION = YES;
				CLANG_WARN_INFINITE_RECURSION = YES;
				CLANG_WARN_INT_CONVERSION = YES;
				CLANG_WARN_NON_LITERAL_NULL_CONVERSION = YES;
				CLANG_WARN_OBJC_IMPLICIT_RETAIN_SELF = YES;
				CLANG_WARN_OBJC_LITERAL_CONVERSION = YES;
				CLANG_WARN_OBJC_ROOT_CLASS = YES_ERROR;
				CLANG_WARN_RANGE_LOOP_ANALYSIS = YES;
				CLANG_WARN_STRICT_PROTOTYPES = YES;
				CLANG_WARN_SUSPICIOUS_MOVE = YES;
				CLANG_WARN_UNGUARDED_AVAILABILITY = YES_AGGRESSIVE;
				CLANG_WARN_UNREACHABLE_CODE = YES;
				CLANG_WARN__DUPLICATE_METHOD_MATCH = YES;
				COPY_PHASE_STRIP = NO;
				DEBUG_INFORMATION_FORMAT = "dwarf-with-dsym";
				ENABLE_NS_ASSERTIONS = NO;
				ENABLE_STRICT_OBJC_MSGSEND = YES;
				GCC_C_LANGUAGE_STANDARD = gnu11;
				GCC_NO_COMMON_BLOCKS = YES;
				GCC_WARN_64_TO_32_BIT_CONVERSION = YES;
				GCC_WARN_ABOUT_RETURN_TYPE = YES_ERROR;
				GCC_WARN_UNDECLARED_SELECTOR = YES;
				GCC_WARN_UNINITIALIZED_AUTOS = YES_AGGRESSIVE;
				GCC_WARN_UNUSED_FUNCTION = YES;
				GCC_WARN_UNUSED_VARIABLE = YES;
				IPHONEOS_DEPLOYMENT_TARGET = 13.2;
				MTL_ENABLE_DEBUG_INFO = NO;
				MTL_FAST_MATH = YES;
				SDKROOT = iphoneos;
				SWIFT_COMPILATION_MODE = wholemodule;
				SWIFT_OPTIMIZATION_LEVEL = "-O";
				VALIDATE_PRODUCT = YES;
			};
			name = Release;
		};
		E2EA53ED23FD35F60077C5BE /* Debug */ = {
			isa = XCBuildConfiguration;
			baseConfigurationReference = 3DDA90F6E150C636DFC02ED9 /* Pods-iBeacon System.debug.xcconfig */;
			buildSettings = {
				ASSETCATALOG_COMPILER_APPICON_NAME = AppIcon;
				CODE_SIGN_STYLE = Automatic;
				DEVELOPMENT_TEAM = 5MH85HD7X7;
				INFOPLIST_FILE = "iBeacon System/Info.plist";
				LD_RUNPATH_SEARCH_PATHS = (
					"$(inherited)",
					"@executable_path/Frameworks",
				);
				PRODUCT_BUNDLE_IDENTIFIER = "com.nneverminder.iBeacon-System";
				PRODUCT_NAME = "$(TARGET_NAME)";
				SWIFT_VERSION = 5.0;
				TARGETED_DEVICE_FAMILY = "1,2";
			};
			name = Debug;
		};
		E2EA53EE23FD35F60077C5BE /* Release */ = {
			isa = XCBuildConfiguration;
			baseConfigurationReference = 9035D0819FB947E6D56F36FA /* Pods-iBeacon System.release.xcconfig */;
			buildSettings = {
				ASSETCATALOG_COMPILER_APPICON_NAME = AppIcon;
				CODE_SIGN_STYLE = Automatic;
				DEVELOPMENT_TEAM = 5MH85HD7X7;
				INFOPLIST_FILE = "iBeacon System/Info.plist";
				LD_RUNPATH_SEARCH_PATHS = (
					"$(inherited)",
					"@executable_path/Frameworks",
				);
				PRODUCT_BUNDLE_IDENTIFIER = "com.nneverminder.iBeacon-System";
				PRODUCT_NAME = "$(TARGET_NAME)";
				SWIFT_VERSION = 5.0;
				TARGETED_DEVICE_FAMILY = "1,2";
			};
			name = Release;
		};
/* End XCBuildConfiguration section */

/* Begin XCConfigurationList section */
		E2EA53D323FD35F50077C5BE /* Build configuration list for PBXProject "iBeacon System" */ = {
			isa = XCConfigurationList;
			buildConfigurations = (
				E2EA53EA23FD35F60077C5BE /* Debug */,
				E2EA53EB23FD35F60077C5BE /* Release */,
			);
			defaultConfigurationIsVisible = 0;
			defaultConfigurationName = Release;
		};
		E2EA53EC23FD35F60077C5BE /* Build configuration list for PBXNativeTarget "iBeacon System" */ = {
			isa = XCConfigurationList;
			buildConfigurations = (
				E2EA53ED23FD35F60077C5BE /* Debug */,
				E2EA53EE23FD35F60077C5BE /* Release */,
			);
			defaultConfigurationIsVisible = 0;
			defaultConfigurationName = Release;
		};
/* End XCConfigurationList section */
	};
	rootObject = E2EA53D023FD35F50077C5BE /* Project object */;
}
